// !$*UTF8*$!
{
	archiveVersion = 1;
	classes = {
	};
	objectVersion = 51;
	objects = {

/* Begin PBXBuildFile section */
		5DA23C8CF028855D6A49893A /* Pods_ticket_master_app.framework in Frameworks */ = {isa = PBXBuildFile; fileRef = BB184D006C0BAFF2F3A7FF63 /* Pods_ticket_master_app.framework */; };
		90C174F6E36C4D2E9D09AED2 /* Pods_ticket_master_appTests.framework in Frameworks */ = {isa = PBXBuildFile; fileRef = 3DE789B1BFF510A79BEA3F28 /* Pods_ticket_master_appTests.framework */; };
		9EB4561B24704EEE00F3ED30 /* Constants.swift in Sources */ = {isa = PBXBuildFile; fileRef = 9EB4561A24704EEE00F3ED30 /* Constants.swift */; };
		D756F248246DBDAB006DF59E /* NetworkService.swift in Sources */ = {isa = PBXBuildFile; fileRef = D756F247246DBDAB006DF59E /* NetworkService.swift */; };
		D756F24A246DBDB5006DF59E /* DataBaseService.swift in Sources */ = {isa = PBXBuildFile; fileRef = D756F249246DBDB5006DF59E /* DataBaseService.swift */; };
		D77AF71B246DAC3F0068F34A /* AppDelegate.swift in Sources */ = {isa = PBXBuildFile; fileRef = D77AF71A246DAC3F0068F34A /* AppDelegate.swift */; };
		D77AF722246DAC3F0068F34A /* Main.storyboard in Resources */ = {isa = PBXBuildFile; fileRef = D77AF720246DAC3F0068F34A /* Main.storyboard */; };
		D77AF724246DAC400068F34A /* Assets.xcassets in Resources */ = {isa = PBXBuildFile; fileRef = D77AF723246DAC400068F34A /* Assets.xcassets */; };
		D77AF727246DAC400068F34A /* LaunchScreen.storyboard in Resources */ = {isa = PBXBuildFile; fileRef = D77AF725246DAC400068F34A /* LaunchScreen.storyboard */; };
		D77AF732246DAC400068F34A /* ticket_master_appTests.swift in Sources */ = {isa = PBXBuildFile; fileRef = D77AF731246DAC400068F34A /* ticket_master_appTests.swift */; };
		D77AF73F246DAE250068F34A /* HomeView.swift in Sources */ = {isa = PBXBuildFile; fileRef = D77AF73E246DAE250068F34A /* HomeView.swift */; };
		D77AF741246DAE3C0068F34A /* HomeModel.swift in Sources */ = {isa = PBXBuildFile; fileRef = D77AF740246DAE3C0068F34A /* HomeModel.swift */; };
		D77AF743246DAE4A0068F34A /* HomePresenter.swift in Sources */ = {isa = PBXBuildFile; fileRef = D77AF742246DAE4A0068F34A /* HomePresenter.swift */; };
		D77AF746246DAE700068F34A /* HomeProtocols.swift in Sources */ = {isa = PBXBuildFile; fileRef = D77AF745246DAE700068F34A /* HomeProtocols.swift */; };
		D77AF749246DAECC0068F34A /* EventsView.swift in Sources */ = {isa = PBXBuildFile; fileRef = D77AF748246DAECC0068F34A /* EventsView.swift */; };
		D77AF74B246DAEDC0068F34A /* EventsPresenter.swift in Sources */ = {isa = PBXBuildFile; fileRef = D77AF74A246DAEDC0068F34A /* EventsPresenter.swift */; };
		D77AF74D246DAEE40068F34A /* EventsModel.swift in Sources */ = {isa = PBXBuildFile; fileRef = D77AF74C246DAEE40068F34A /* EventsModel.swift */; };
		D77AF74F246DAEF00068F34A /* EventsProtocols.swift in Sources */ = {isa = PBXBuildFile; fileRef = D77AF74E246DAEF00068F34A /* EventsProtocols.swift */; };
		D77AF752246DAF940068F34A /* EventsStoryboard.storyboard in Resources */ = {isa = PBXBuildFile; fileRef = D77AF751246DAF940068F34A /* EventsStoryboard.storyboard */; };
		D77AF754246DB1440068F34A /* HomeStoryboard.storyboard in Resources */ = {isa = PBXBuildFile; fileRef = D77AF753246DB1440068F34A /* HomeStoryboard.storyboard */; };
		D77AF756246DB23B0068F34A /* FavoritesView.swift in Sources */ = {isa = PBXBuildFile; fileRef = D77AF755246DB23B0068F34A /* FavoritesView.swift */; };
		D77AF758246DB2490068F34A /* FavoritesStoryboard.storyboard in Resources */ = {isa = PBXBuildFile; fileRef = D77AF757246DB2490068F34A /* FavoritesStoryboard.storyboard */; };
		D77AF75A246DB2530068F34A /* FavoritesPresenter.swift in Sources */ = {isa = PBXBuildFile; fileRef = D77AF759246DB2530068F34A /* FavoritesPresenter.swift */; };
		D77AF75C246DB25C0068F34A /* FavoritesModel.swift in Sources */ = {isa = PBXBuildFile; fileRef = D77AF75B246DB25C0068F34A /* FavoritesModel.swift */; };
		D77AF75E246DB2690068F34A /* FavoritesProtocol.swift in Sources */ = {isa = PBXBuildFile; fileRef = D77AF75D246DB2690068F34A /* FavoritesProtocol.swift */; };
		D7DDE02A24706517005749E6 /* EventTableViewCell.swift in Sources */ = {isa = PBXBuildFile; fileRef = D7DDE02924706517005749E6 /* EventTableViewCell.swift */; };
		D7DDE02C247066F7005749E6 /* gradle.png in Resources */ = {isa = PBXBuildFile; fileRef = D7DDE02B247066F7005749E6 /* gradle.png */; };
/* End PBXBuildFile section */

/* Begin PBXContainerItemProxy section */
		D77AF72E246DAC400068F34A /* PBXContainerItemProxy */ = {
			isa = PBXContainerItemProxy;
			containerPortal = D77AF70F246DAC3F0068F34A /* Project object */;
			proxyType = 1;
			remoteGlobalIDString = D77AF716246DAC3F0068F34A;
			remoteInfo = "ticket-master-app";
		};
/* End PBXContainerItemProxy section */

/* Begin PBXFileReference section */
		11854CD982BFC3765DFA6B04 /* Pods-ticket-master-app.release.xcconfig */ = {isa = PBXFileReference; includeInIndex = 1; lastKnownFileType = text.xcconfig; name = "Pods-ticket-master-app.release.xcconfig"; path = "Target Support Files/Pods-ticket-master-app/Pods-ticket-master-app.release.xcconfig"; sourceTree = "<group>"; };
		38C3208C68CE1E8096FC5EEC /* Pods-ticket-master-appTests.release.xcconfig */ = {isa = PBXFileReference; includeInIndex = 1; lastKnownFileType = text.xcconfig; name = "Pods-ticket-master-appTests.release.xcconfig"; path = "Target Support Files/Pods-ticket-master-appTests/Pods-ticket-master-appTests.release.xcconfig"; sourceTree = "<group>"; };
		3DE789B1BFF510A79BEA3F28 /* Pods_ticket_master_appTests.framework */ = {isa = PBXFileReference; explicitFileType = wrapper.framework; includeInIndex = 0; path = Pods_ticket_master_appTests.framework; sourceTree = BUILT_PRODUCTS_DIR; };
		9EB4561A24704EEE00F3ED30 /* Constants.swift */ = {isa = PBXFileReference; lastKnownFileType = sourcecode.swift; path = Constants.swift; sourceTree = "<group>"; };
		BB184D006C0BAFF2F3A7FF63 /* Pods_ticket_master_app.framework */ = {isa = PBXFileReference; explicitFileType = wrapper.framework; includeInIndex = 0; path = Pods_ticket_master_app.framework; sourceTree = BUILT_PRODUCTS_DIR; };
		C8D8F49E71B5FA3AC05B42E5 /* Pods-ticket-master-appTests.debug.xcconfig */ = {isa = PBXFileReference; includeInIndex = 1; lastKnownFileType = text.xcconfig; name = "Pods-ticket-master-appTests.debug.xcconfig"; path = "Target Support Files/Pods-ticket-master-appTests/Pods-ticket-master-appTests.debug.xcconfig"; sourceTree = "<group>"; };
		D756F247246DBDAB006DF59E /* NetworkService.swift */ = {isa = PBXFileReference; lastKnownFileType = sourcecode.swift; path = NetworkService.swift; sourceTree = "<group>"; };
		D756F249246DBDB5006DF59E /* DataBaseService.swift */ = {isa = PBXFileReference; lastKnownFileType = sourcecode.swift; path = DataBaseService.swift; sourceTree = "<group>"; };
		D77AF717246DAC3F0068F34A /* ticket-master-app.app */ = {isa = PBXFileReference; explicitFileType = wrapper.application; includeInIndex = 0; path = "ticket-master-app.app"; sourceTree = BUILT_PRODUCTS_DIR; };
		D77AF71A246DAC3F0068F34A /* AppDelegate.swift */ = {isa = PBXFileReference; lastKnownFileType = sourcecode.swift; path = AppDelegate.swift; sourceTree = "<group>"; };
		D77AF721246DAC3F0068F34A /* Base */ = {isa = PBXFileReference; lastKnownFileType = file.storyboard; name = Base; path = Base.lproj/Main.storyboard; sourceTree = "<group>"; };
		D77AF723246DAC400068F34A /* Assets.xcassets */ = {isa = PBXFileReference; lastKnownFileType = folder.assetcatalog; path = Assets.xcassets; sourceTree = "<group>"; };
		D77AF726246DAC400068F34A /* Base */ = {isa = PBXFileReference; lastKnownFileType = file.storyboard; name = Base; path = Base.lproj/LaunchScreen.storyboard; sourceTree = "<group>"; };
		D77AF728246DAC400068F34A /* Info.plist */ = {isa = PBXFileReference; lastKnownFileType = text.plist.xml; path = Info.plist; sourceTree = "<group>"; };
		D77AF72D246DAC400068F34A /* ticket-master-appTests.xctest */ = {isa = PBXFileReference; explicitFileType = wrapper.cfbundle; includeInIndex = 0; path = "ticket-master-appTests.xctest"; sourceTree = BUILT_PRODUCTS_DIR; };
		D77AF731246DAC400068F34A /* ticket_master_appTests.swift */ = {isa = PBXFileReference; lastKnownFileType = sourcecode.swift; path = ticket_master_appTests.swift; sourceTree = "<group>"; };
		D77AF733246DAC400068F34A /* Info.plist */ = {isa = PBXFileReference; lastKnownFileType = text.plist.xml; path = Info.plist; sourceTree = "<group>"; };
		D77AF73E246DAE250068F34A /* HomeView.swift */ = {isa = PBXFileReference; lastKnownFileType = sourcecode.swift; path = HomeView.swift; sourceTree = "<group>"; };
		D77AF740246DAE3C0068F34A /* HomeModel.swift */ = {isa = PBXFileReference; lastKnownFileType = sourcecode.swift; path = HomeModel.swift; sourceTree = "<group>"; };
		D77AF742246DAE4A0068F34A /* HomePresenter.swift */ = {isa = PBXFileReference; lastKnownFileType = sourcecode.swift; path = HomePresenter.swift; sourceTree = "<group>"; };
		D77AF745246DAE700068F34A /* HomeProtocols.swift */ = {isa = PBXFileReference; lastKnownFileType = sourcecode.swift; path = HomeProtocols.swift; sourceTree = "<group>"; };
		D77AF748246DAECC0068F34A /* EventsView.swift */ = {isa = PBXFileReference; lastKnownFileType = sourcecode.swift; path = EventsView.swift; sourceTree = "<group>"; };
		D77AF74A246DAEDC0068F34A /* EventsPresenter.swift */ = {isa = PBXFileReference; lastKnownFileType = sourcecode.swift; path = EventsPresenter.swift; sourceTree = "<group>"; };
		D77AF74C246DAEE40068F34A /* EventsModel.swift */ = {isa = PBXFileReference; lastKnownFileType = sourcecode.swift; path = EventsModel.swift; sourceTree = "<group>"; };
		D77AF74E246DAEF00068F34A /* EventsProtocols.swift */ = {isa = PBXFileReference; lastKnownFileType = sourcecode.swift; path = EventsProtocols.swift; sourceTree = "<group>"; };
		D77AF751246DAF940068F34A /* EventsStoryboard.storyboard */ = {isa = PBXFileReference; lastKnownFileType = file.storyboard; path = EventsStoryboard.storyboard; sourceTree = "<group>"; };
		D77AF753246DB1440068F34A /* HomeStoryboard.storyboard */ = {isa = PBXFileReference; lastKnownFileType = file.storyboard; path = HomeStoryboard.storyboard; sourceTree = "<group>"; };
		D77AF755246DB23B0068F34A /* FavoritesView.swift */ = {isa = PBXFileReference; lastKnownFileType = sourcecode.swift; path = FavoritesView.swift; sourceTree = "<group>"; };
		D77AF757246DB2490068F34A /* FavoritesStoryboard.storyboard */ = {isa = PBXFileReference; lastKnownFileType = file.storyboard; path = FavoritesStoryboard.storyboard; sourceTree = "<group>"; };
		D77AF759246DB2530068F34A /* FavoritesPresenter.swift */ = {isa = PBXFileReference; lastKnownFileType = sourcecode.swift; path = FavoritesPresenter.swift; sourceTree = "<group>"; };
		D77AF75B246DB25C0068F34A /* FavoritesModel.swift */ = {isa = PBXFileReference; lastKnownFileType = sourcecode.swift; path = FavoritesModel.swift; sourceTree = "<group>"; };
		D77AF75D246DB2690068F34A /* FavoritesProtocol.swift */ = {isa = PBXFileReference; lastKnownFileType = sourcecode.swift; path = FavoritesProtocol.swift; sourceTree = "<group>"; };
		D7DDE02924706517005749E6 /* EventTableViewCell.swift */ = {isa = PBXFileReference; lastKnownFileType = sourcecode.swift; path = EventTableViewCell.swift; sourceTree = "<group>"; };
		D7DDE02B247066F7005749E6 /* gradle.png */ = {isa = PBXFileReference; lastKnownFileType = image.png; path = gradle.png; sourceTree = "<group>"; };
		F36D9E057BE3F3109C022A16 /* Pods-ticket-master-app.debug.xcconfig */ = {isa = PBXFileReference; includeInIndex = 1; lastKnownFileType = text.xcconfig; name = "Pods-ticket-master-app.debug.xcconfig"; path = "Target Support Files/Pods-ticket-master-app/Pods-ticket-master-app.debug.xcconfig"; sourceTree = "<group>"; };
/* End PBXFileReference section */

/* Begin PBXFrameworksBuildPhase section */
		D77AF714246DAC3F0068F34A /* Frameworks */ = {
			isa = PBXFrameworksBuildPhase;
			buildActionMask = 2147483647;
			files = (
				5DA23C8CF028855D6A49893A /* Pods_ticket_master_app.framework in Frameworks */,
			);
			runOnlyForDeploymentPostprocessing = 0;
		};
		D77AF72A246DAC400068F34A /* Frameworks */ = {
			isa = PBXFrameworksBuildPhase;
			buildActionMask = 2147483647;
			files = (
				90C174F6E36C4D2E9D09AED2 /* Pods_ticket_master_appTests.framework in Frameworks */,
			);
			runOnlyForDeploymentPostprocessing = 0;
		};
/* End PBXFrameworksBuildPhase section */

/* Begin PBXGroup section */
		8E5941629B4993322C8FD1A8 /* Frameworks */ = {
			isa = PBXGroup;
			children = (
				BB184D006C0BAFF2F3A7FF63 /* Pods_ticket_master_app.framework */,
				3DE789B1BFF510A79BEA3F28 /* Pods_ticket_master_appTests.framework */,
			);
			name = Frameworks;
			sourceTree = "<group>";
		};
		9EB4561924704EDA00F3ED30 /* Utils */ = {
			isa = PBXGroup;
			children = (
				D7DDE02B247066F7005749E6 /* gradle.png */,
				9EB4561A24704EEE00F3ED30 /* Constants.swift */,
			);
			path = Utils;
			sourceTree = "<group>";
		};
		B4BCF2ABE987EC8A6BB454CA /* Pods */ = {
			isa = PBXGroup;
			children = (
				F36D9E057BE3F3109C022A16 /* Pods-ticket-master-app.debug.xcconfig */,
				11854CD982BFC3765DFA6B04 /* Pods-ticket-master-app.release.xcconfig */,
				C8D8F49E71B5FA3AC05B42E5 /* Pods-ticket-master-appTests.debug.xcconfig */,
				38C3208C68CE1E8096FC5EEC /* Pods-ticket-master-appTests.release.xcconfig */,
			);
			path = Pods;
			sourceTree = "<group>";
		};
		D756F246246DBD97006DF59E /* Services */ = {
			isa = PBXGroup;
			children = (
				D756F247246DBDAB006DF59E /* NetworkService.swift */,
				D756F249246DBDB5006DF59E /* DataBaseService.swift */,
			);
			path = Services;
			sourceTree = "<group>";
		};
		D77AF70E246DAC3F0068F34A = {
			isa = PBXGroup;
			children = (
				D77AF719246DAC3F0068F34A /* ticket-master-app */,
				D77AF730246DAC400068F34A /* ticket-master-appTests */,
				D77AF718246DAC3F0068F34A /* Products */,
				B4BCF2ABE987EC8A6BB454CA /* Pods */,
				8E5941629B4993322C8FD1A8 /* Frameworks */,
			);
			sourceTree = "<group>";
		};
		D77AF718246DAC3F0068F34A /* Products */ = {
			isa = PBXGroup;
			children = (
				D77AF717246DAC3F0068F34A /* ticket-master-app.app */,
				D77AF72D246DAC400068F34A /* ticket-master-appTests.xctest */,
			);
			name = Products;
			sourceTree = "<group>";
		};
		D77AF719246DAC3F0068F34A /* ticket-master-app */ = {
			isa = PBXGroup;
			children = (
				9EB4561924704EDA00F3ED30 /* Utils */,
				D756F246246DBD97006DF59E /* Services */,
				D77AF750246DAF790068F34A /* Favorites */,
				D77AF747246DAEB90068F34A /* Events */,
				D77AF73D246DAE000068F34A /* Home */,
				D77AF73C246DADF30068F34A /* Application */,
				D77AF723246DAC400068F34A /* Assets.xcassets */,
				D77AF728246DAC400068F34A /* Info.plist */,
			);
			path = "ticket-master-app";
			sourceTree = "<group>";
		};
		D77AF730246DAC400068F34A /* ticket-master-appTests */ = {
			isa = PBXGroup;
			children = (
				D77AF731246DAC400068F34A /* ticket_master_appTests.swift */,
				D77AF733246DAC400068F34A /* Info.plist */,
			);
			path = "ticket-master-appTests";
			sourceTree = "<group>";
		};
		D77AF73C246DADF30068F34A /* Application */ = {
			isa = PBXGroup;
			children = (
				D77AF725246DAC400068F34A /* LaunchScreen.storyboard */,
				D77AF720246DAC3F0068F34A /* Main.storyboard */,
				D77AF71A246DAC3F0068F34A /* AppDelegate.swift */,
			);
			path = Application;
			sourceTree = "<group>";
		};
		D77AF73D246DAE000068F34A /* Home */ = {
			isa = PBXGroup;
			children = (
				D77AF73E246DAE250068F34A /* HomeView.swift */,
				D77AF740246DAE3C0068F34A /* HomeModel.swift */,
				D77AF742246DAE4A0068F34A /* HomePresenter.swift */,
				D77AF745246DAE700068F34A /* HomeProtocols.swift */,
				D77AF753246DB1440068F34A /* HomeStoryboard.storyboard */,
			);
			path = Home;
			sourceTree = "<group>";
		};
		D77AF747246DAEB90068F34A /* Events */ = {
			isa = PBXGroup;
			children = (
				D77AF748246DAECC0068F34A /* EventsView.swift */,
				D77AF74A246DAEDC0068F34A /* EventsPresenter.swift */,
				D77AF74C246DAEE40068F34A /* EventsModel.swift */,
				D77AF74E246DAEF00068F34A /* EventsProtocols.swift */,
				D77AF751246DAF940068F34A /* EventsStoryboard.storyboard */,
				D7DDE02924706517005749E6 /* EventTableViewCell.swift */,
			);
			path = Events;
			sourceTree = "<group>";
		};
		D77AF750246DAF790068F34A /* Favorites */ = {
			isa = PBXGroup;
			children = (
				D77AF755246DB23B0068F34A /* FavoritesView.swift */,
				D77AF759246DB2530068F34A /* FavoritesPresenter.swift */,
				D77AF75B246DB25C0068F34A /* FavoritesModel.swift */,
				D77AF75D246DB2690068F34A /* FavoritesProtocol.swift */,
				D77AF757246DB2490068F34A /* FavoritesStoryboard.storyboard */,
			);
			path = Favorites;
			sourceTree = "<group>";
		};
/* End PBXGroup section */

/* Begin PBXNativeTarget section */
		D77AF716246DAC3F0068F34A /* ticket-master-app */ = {
			isa = PBXNativeTarget;
			buildConfigurationList = D77AF736246DAC400068F34A /* Build configuration list for PBXNativeTarget "ticket-master-app" */;
			buildPhases = (
				2855F498C17B9E35B4FBDC7F /* [CP] Check Pods Manifest.lock */,
				D77AF713246DAC3F0068F34A /* Sources */,
				D77AF714246DAC3F0068F34A /* Frameworks */,
				D77AF715246DAC3F0068F34A /* Resources */,
				54D605D36FB5EE5512DAE5C1 /* [CP] Embed Pods Frameworks */,
			);
			buildRules = (
			);
			dependencies = (
			);
			name = "ticket-master-app";
			productName = "ticket-master-app";
			productReference = D77AF717246DAC3F0068F34A /* ticket-master-app.app */;
			productType = "com.apple.product-type.application";
		};
		D77AF72C246DAC400068F34A /* ticket-master-appTests */ = {
			isa = PBXNativeTarget;
			buildConfigurationList = D77AF739246DAC400068F34A /* Build configuration list for PBXNativeTarget "ticket-master-appTests" */;
			buildPhases = (
				7084646AEDB9A5AF17DB78CC /* [CP] Check Pods Manifest.lock */,
				D77AF729246DAC400068F34A /* Sources */,
				D77AF72A246DAC400068F34A /* Frameworks */,
				D77AF72B246DAC400068F34A /* Resources */,
			);
			buildRules = (
			);
			dependencies = (
				D77AF72F246DAC400068F34A /* PBXTargetDependency */,
			);
			name = "ticket-master-appTests";
			productName = "ticket-master-appTests";
			productReference = D77AF72D246DAC400068F34A /* ticket-master-appTests.xctest */;
			productType = "com.apple.product-type.bundle.unit-test";
		};
/* End PBXNativeTarget section */

/* Begin PBXProject section */
		D77AF70F246DAC3F0068F34A /* Project object */ = {
			isa = PBXProject;
			attributes = {
				LastSwiftUpdateCheck = 1130;
				LastUpgradeCheck = 1130;
				ORGANIZATIONNAME = "Pablo Casillas Marcos";
				TargetAttributes = {
					D77AF716246DAC3F0068F34A = {
						CreatedOnToolsVersion = 11.3.1;
					};
					D77AF72C246DAC400068F34A = {
						CreatedOnToolsVersion = 11.3.1;
						TestTargetID = D77AF716246DAC3F0068F34A;
					};
				};
			};
			buildConfigurationList = D77AF712246DAC3F0068F34A /* Build configuration list for PBXProject "ticket-master-app" */;
			compatibilityVersion = "Xcode 9.3";
			developmentRegion = en;
			hasScannedForEncodings = 0;
			knownRegions = (
				en,
				Base,
			);
			mainGroup = D77AF70E246DAC3F0068F34A;
			productRefGroup = D77AF718246DAC3F0068F34A /* Products */;
			projectDirPath = "";
			projectRoot = "";
			targets = (
				D77AF716246DAC3F0068F34A /* ticket-master-app */,
				D77AF72C246DAC400068F34A /* ticket-master-appTests */,
			);
		};
/* End PBXProject section */

/* Begin PBXResourcesBuildPhase section */
		D77AF715246DAC3F0068F34A /* Resources */ = {
			isa = PBXResourcesBuildPhase;
			buildActionMask = 2147483647;
			files = (
				D77AF752246DAF940068F34A /* EventsStoryboard.storyboard in Resources */,
				D7DDE02C247066F7005749E6 /* gradle.png in Resources */,
				D77AF727246DAC400068F34A /* LaunchScreen.storyboard in Resources */,
				D77AF724246DAC400068F34A /* Assets.xcassets in Resources */,
				D77AF758246DB2490068F34A /* FavoritesStoryboard.storyboard in Resources */,
				D77AF722246DAC3F0068F34A /* Main.storyboard in Resources */,
				D77AF754246DB1440068F34A /* HomeStoryboard.storyboard in Resources */,
			);
			runOnlyForDeploymentPostprocessing = 0;
		};
		D77AF72B246DAC400068F34A /* Resources */ = {
			isa = PBXResourcesBuildPhase;
			buildActionMask = 2147483647;
			files = (
			);
			runOnlyForDeploymentPostprocessing = 0;
		};
/* End PBXResourcesBuildPhase section */

/* Begin PBXShellScriptBuildPhase section */
		2855F498C17B9E35B4FBDC7F /* [CP] Check Pods Manifest.lock */ = {
			isa = PBXShellScriptBuildPhase;
			buildActionMask = 2147483647;
			files = (
			);
			inputFileListPaths = (
			);
			inputPaths = (
				"${PODS_PODFILE_DIR_PATH}/Podfile.lock",
				"${PODS_ROOT}/Manifest.lock",
			);
			name = "[CP] Check Pods Manifest.lock";
			outputFileListPaths = (
			);
			outputPaths = (
				"$(DERIVED_FILE_DIR)/Pods-ticket-master-app-checkManifestLockResult.txt",
			);
			runOnlyForDeploymentPostprocessing = 0;
			shellPath = /bin/sh;
			shellScript = "diff \"${PODS_PODFILE_DIR_PATH}/Podfile.lock\" \"${PODS_ROOT}/Manifest.lock\" > /dev/null\nif [ $? != 0 ] ; then\n    # print error to STDERR\n    echo \"error: The sandbox is not in sync with the Podfile.lock. Run 'pod install' or update your CocoaPods installation.\" >&2\n    exit 1\nfi\n# This output is used by Xcode 'outputs' to avoid re-running this script phase.\necho \"SUCCESS\" > \"${SCRIPT_OUTPUT_FILE_0}\"\n";
			showEnvVarsInLog = 0;
		};
		54D605D36FB5EE5512DAE5C1 /* [CP] Embed Pods Frameworks */ = {
			isa = PBXShellScriptBuildPhase;
			buildActionMask = 2147483647;
			files = (
			);
			inputFileListPaths = (
				"${PODS_ROOT}/Target Support Files/Pods-ticket-master-app/Pods-ticket-master-app-frameworks-${CONFIGURATION}-input-files.xcfilelist",
			);
			name = "[CP] Embed Pods Frameworks";
			outputFileListPaths = (
				"${PODS_ROOT}/Target Support Files/Pods-ticket-master-app/Pods-ticket-master-app-frameworks-${CONFIGURATION}-output-files.xcfilelist",
			);
			runOnlyForDeploymentPostprocessing = 0;
			shellPath = /bin/sh;
			shellScript = "\"${PODS_ROOT}/Target Support Files/Pods-ticket-master-app/Pods-ticket-master-app-frameworks.sh\"\n";
			showEnvVarsInLog = 0;
		};
		7084646AEDB9A5AF17DB78CC /* [CP] Check Pods Manifest.lock */ = {
			isa = PBXShellScriptBuildPhase;
			buildActionMask = 2147483647;
			files = (
			);
			inputFileListPaths = (
			);
			inputPaths = (
				"${PODS_PODFILE_DIR_PATH}/Podfile.lock",
				"${PODS_ROOT}/Manifest.lock",
			);
			name = "[CP] Check Pods Manifest.lock";
			outputFileListPaths = (
			);
			outputPaths = (
				"$(DERIVED_FILE_DIR)/Pods-ticket-master-appTests-checkManifestLockResult.txt",
			);
			runOnlyForDeploymentPostprocessing = 0;
			shellPath = /bin/sh;
			shellScript = "diff \"${PODS_PODFILE_DIR_PATH}/Podfile.lock\" \"${PODS_ROOT}/Manifest.lock\" > /dev/null\nif [ $? != 0 ] ; then\n    # print error to STDERR\n    echo \"error: The sandbox is not in sync with the Podfile.lock. Run 'pod install' or update your CocoaPods installation.\" >&2\n    exit 1\nfi\n# This output is used by Xcode 'outputs' to avoid re-running this script phase.\necho \"SUCCESS\" > \"${SCRIPT_OUTPUT_FILE_0}\"\n";
			showEnvVarsInLog = 0;
		};
/* End PBXShellScriptBuildPhase section */

/* Begin PBXSourcesBuildPhase section */
		D77AF713246DAC3F0068F34A /* Sources */ = {
			isa = PBXSourcesBuildPhase;
			buildActionMask = 2147483647;
			files = (
				D77AF756246DB23B0068F34A /* FavoritesView.swift in Sources */,
				D77AF75A246DB2530068F34A /* FavoritesPresenter.swift in Sources */,
				D77AF741246DAE3C0068F34A /* HomeModel.swift in Sources */,
				D77AF74B246DAEDC0068F34A /* EventsPresenter.swift in Sources */,
				D77AF749246DAECC0068F34A /* EventsView.swift in Sources */,
				D77AF73F246DAE250068F34A /* HomeView.swift in Sources */,
				D756F248246DBDAB006DF59E /* NetworkService.swift in Sources */,
				9EB4561B24704EEE00F3ED30 /* Constants.swift in Sources */,
				D77AF74D246DAEE40068F34A /* EventsModel.swift in Sources */,
				D756F24A246DBDB5006DF59E /* DataBaseService.swift in Sources */,
				D77AF743246DAE4A0068F34A /* HomePresenter.swift in Sources */,
				D7DDE02A24706517005749E6 /* EventTableViewCell.swift in Sources */,
				D77AF746246DAE700068F34A /* HomeProtocols.swift in Sources */,
				D77AF74F246DAEF00068F34A /* EventsProtocols.swift in Sources */,
				D77AF75E246DB2690068F34A /* FavoritesProtocol.swift in Sources */,
				D77AF71B246DAC3F0068F34A /* AppDelegate.swift in Sources */,
				D77AF75C246DB25C0068F34A /* FavoritesModel.swift in Sources */,
			);
			runOnlyForDeploymentPostprocessing = 0;
		};
		D77AF729246DAC400068F34A /* Sources */ = {
			isa = PBXSourcesBuildPhase;
			buildActionMask = 2147483647;
			files = (
				D77AF732246DAC400068F34A /* ticket_master_appTests.swift in Sources */,
			);
			runOnlyForDeploymentPostprocessing = 0;
		};
/* End PBXSourcesBuildPhase section */

/* Begin PBXTargetDependency section */
		D77AF72F246DAC400068F34A /* PBXTargetDependency */ = {
			isa = PBXTargetDependency;
			target = D77AF716246DAC3F0068F34A /* ticket-master-app */;
			targetProxy = D77AF72E246DAC400068F34A /* PBXContainerItemProxy */;
		};
/* End PBXTargetDependency section */

/* Begin PBXVariantGroup section */
		D77AF720246DAC3F0068F34A /* Main.storyboard */ = {
			isa = PBXVariantGroup;
			children = (
				D77AF721246DAC3F0068F34A /* Base */,
			);
			name = Main.storyboard;
			sourceTree = "<group>";
		};
		D77AF725246DAC400068F34A /* LaunchScreen.storyboard */ = {
			isa = PBXVariantGroup;
			children = (
				D77AF726246DAC400068F34A /* Base */,
			);
			name = LaunchScreen.storyboard;
			sourceTree = "<group>";
		};
/* End PBXVariantGroup section */

/* Begin XCBuildConfiguration section */
		D77AF734246DAC400068F34A /* Debug */ = {
			isa = XCBuildConfiguration;
			buildSettings = {
				ALWAYS_SEARCH_USER_PATHS = NO;
				CLANG_ANALYZER_NONNULL = YES;
				CLANG_ANALYZER_NUMBER_OBJECT_CONVERSION = YES_AGGRESSIVE;
				CLANG_CXX_LANGUAGE_STANDARD = "gnu++14";
				CLANG_CXX_LIBRARY = "libc++";
				CLANG_ENABLE_MODULES = YES;
				CLANG_ENABLE_OBJC_ARC = YES;
				CLANG_ENABLE_OBJC_WEAK = YES;
				CLANG_WARN_BLOCK_CAPTURE_AUTORELEASING = YES;
				CLANG_WARN_BOOL_CONVERSION = YES;
				CLANG_WARN_COMMA = YES;
				CLANG_WARN_CONSTANT_CONVERSION = YES;
				CLANG_WARN_DEPRECATED_OBJC_IMPLEMENTATIONS = YES;
				CLANG_WARN_DIRECT_OBJC_ISA_USAGE = YES_ERROR;
				CLANG_WARN_DOCUMENTATION_COMMENTS = YES;
				CLANG_WARN_EMPTY_BODY = YES;
				CLANG_WARN_ENUM_CONVERSION = YES;
				CLANG_WARN_INFINITE_RECURSION = YES;
				CLANG_WARN_INT_CONVERSION = YES;
				CLANG_WARN_NON_LITERAL_NULL_CONVERSION = YES;
				CLANG_WARN_OBJC_IMPLICIT_RETAIN_SELF = YES;
				CLANG_WARN_OBJC_LITERAL_CONVERSION = YES;
				CLANG_WARN_OBJC_ROOT_CLASS = YES_ERROR;
				CLANG_WARN_RANGE_LOOP_ANALYSIS = YES;
				CLANG_WARN_STRICT_PROTOTYPES = YES;
				CLANG_WARN_SUSPICIOUS_MOVE = YES;
				CLANG_WARN_UNGUARDED_AVAILABILITY = YES_AGGRESSIVE;
				CLANG_WARN_UNREACHABLE_CODE = YES;
				CLANG_WARN__DUPLICATE_METHOD_MATCH = YES;
				COPY_PHASE_STRIP = NO;
				DEBUG_INFORMATION_FORMAT = dwarf;
				ENABLE_STRICT_OBJC_MSGSEND = YES;
				ENABLE_TESTABILITY = YES;
				GCC_C_LANGUAGE_STANDARD = gnu11;
				GCC_DYNAMIC_NO_PIC = NO;
				GCC_NO_COMMON_BLOCKS = YES;
				GCC_OPTIMIZATION_LEVEL = 0;
				GCC_PREPROCESSOR_DEFINITIONS = (
					"DEBUG=1",
					"$(inherited)",
				);
				GCC_WARN_64_TO_32_BIT_CONVERSION = YES;
				GCC_WARN_ABOUT_RETURN_TYPE = YES_ERROR;
				GCC_WARN_UNDECLARED_SELECTOR = YES;
				GCC_WARN_UNINITIALIZED_AUTOS = YES_AGGRESSIVE;
				GCC_WARN_UNUSED_FUNCTION = YES;
				GCC_WARN_UNUSED_VARIABLE = YES;
				IPHONEOS_DEPLOYMENT_TARGET = 11.0;
				MTL_ENABLE_DEBUG_INFO = INCLUDE_SOURCE;
				MTL_FAST_MATH = YES;
				ONLY_ACTIVE_ARCH = YES;
				SDKROOT = iphoneos;
				SWIFT_ACTIVE_COMPILATION_CONDITIONS = DEBUG;
				SWIFT_OPTIMIZATION_LEVEL = "-Onone";
			};
			name = Debug;
		};
		D77AF735246DAC400068F34A /* Release */ = {
			isa = XCBuildConfiguration;
			buildSettings = {
				ALWAYS_SEARCH_USER_PATHS = NO;
				CLANG_ANALYZER_NONNULL = YES;
				CLANG_ANALYZER_NUMBER_OBJECT_CONVERSION = YES_AGGRESSIVE;
				CLANG_CXX_LANGUAGE_STANDARD = "gnu++14";
				CLANG_CXX_LIBRARY = "libc++";
				CLANG_ENABLE_MODULES = YES;
				CLANG_ENABLE_OBJC_ARC = YES;
				CLANG_ENABLE_OBJC_WEAK = YES;
				CLANG_WARN_BLOCK_CAPTURE_AUTORELEASING = YES;
				CLANG_WARN_BOOL_CONVERSION = YES;
				CLANG_WARN_COMMA = YES;
				CLANG_WARN_CONSTANT_CONVERSION = YES;
				CLANG_WARN_DEPRECATED_OBJC_IMPLEMENTATIONS = YES;
				CLANG_WARN_DIRECT_OBJC_ISA_USAGE = YES_ERROR;
				CLANG_WARN_DOCUMENTATION_COMMENTS = YES;
				CLANG_WARN_EMPTY_BODY = YES;
				CLANG_WARN_ENUM_CONVERSION = YES;
				CLANG_WARN_INFINITE_RECURSION = YES;
				CLANG_WARN_INT_CONVERSION = YES;
				CLANG_WARN_NON_LITERAL_NULL_CONVERSION = YES;
				CLANG_WARN_OBJC_IMPLICIT_RETAIN_SELF = YES;
				CLANG_WARN_OBJC_LITERAL_CONVERSION = YES;
				CLANG_WARN_OBJC_ROOT_CLASS = YES_ERROR;
				CLANG_WARN_RANGE_LOOP_ANALYSIS = YES;
				CLANG_WARN_STRICT_PROTOTYPES = YES;
				CLANG_WARN_SUSPICIOUS_MOVE = YES;
				CLANG_WARN_UNGUARDED_AVAILABILITY = YES_AGGRESSIVE;
				CLANG_WARN_UNREACHABLE_CODE = YES;
				CLANG_WARN__DUPLICATE_METHOD_MATCH = YES;
				COPY_PHASE_STRIP = NO;
				DEBUG_INFORMATION_FORMAT = "dwarf-with-dsym";
				ENABLE_NS_ASSERTIONS = NO;
				ENABLE_STRICT_OBJC_MSGSEND = YES;
				GCC_C_LANGUAGE_STANDARD = gnu11;
				GCC_NO_COMMON_BLOCKS = YES;
				GCC_WARN_64_TO_32_BIT_CONVERSION = YES;
				GCC_WARN_ABOUT_RETURN_TYPE = YES_ERROR;
				GCC_WARN_UNDECLARED_SELECTOR = YES;
				GCC_WARN_UNINITIALIZED_AUTOS = YES_AGGRESSIVE;
				GCC_WARN_UNUSED_FUNCTION = YES;
				GCC_WARN_UNUSED_VARIABLE = YES;
				IPHONEOS_DEPLOYMENT_TARGET = 11.0;
				MTL_ENABLE_DEBUG_INFO = NO;
				MTL_FAST_MATH = YES;
				SDKROOT = iphoneos;
				SWIFT_COMPILATION_MODE = wholemodule;
				SWIFT_OPTIMIZATION_LEVEL = "-O";
				VALIDATE_PRODUCT = YES;
			};
			name = Release;
		};
		D77AF737246DAC400068F34A /* Debug */ = {
			isa = XCBuildConfiguration;
			baseConfigurationReference = F36D9E057BE3F3109C022A16 /* Pods-ticket-master-app.debug.xcconfig */;
			buildSettings = {
				ASSETCATALOG_COMPILER_APPICON_NAME = AppIcon;
				CODE_SIGN_STYLE = Automatic;
				DEVELOPMENT_TEAM = Z55C678GT4;
				INFOPLIST_FILE = "ticket-master-app/Info.plist";
				IPHONEOS_DEPLOYMENT_TARGET = 10.0;
				LD_RUNPATH_SEARCH_PATHS = (
					"$(inherited)",
					"@executable_path/Frameworks",
				);
				PRODUCT_BUNDLE_IDENTIFIER = "com.pcasillas.ticket-master-app";
				PRODUCT_NAME = "$(TARGET_NAME)";
				SWIFT_VERSION = 5.0;
				TARGETED_DEVICE_FAMILY = "1,2";
			};
			name = Debug;
		};
		D77AF738246DAC400068F34A /* Release */ = {
			isa = XCBuildConfiguration;
			baseConfigurationReference = 11854CD982BFC3765DFA6B04 /* Pods-ticket-master-app.release.xcconfig */;
			buildSettings = {
				ASSETCATALOG_COMPILER_APPICON_NAME = AppIcon;
				CODE_SIGN_STYLE = Automatic;
				DEVELOPMENT_TEAM = Z55C678GT4;
				INFOPLIST_FILE = "ticket-master-app/Info.plist";
				IPHONEOS_DEPLOYMENT_TARGET = 10.0;
				LD_RUNPATH_SEARCH_PATHS = (
					"$(inherited)",
					"@executable_path/Frameworks",
				);
				PRODUCT_BUNDLE_IDENTIFIER = "com.pcasillas.ticket-master-app";
				PRODUCT_NAME = "$(TARGET_NAME)";
				SWIFT_VERSION = 5.0;
				TARGETED_DEVICE_FAMILY = "1,2";
			};
			name = Release;
		};
		D77AF73A246DAC400068F34A /* Debug */ = {
			isa = XCBuildConfiguration;
			baseConfigurationReference = C8D8F49E71B5FA3AC05B42E5 /* Pods-ticket-master-appTests.debug.xcconfig */;
			buildSettings = {
				ALWAYS_EMBED_SWIFT_STANDARD_LIBRARIES = YES;
				BUNDLE_LOADER = "$(TEST_HOST)";
				CODE_SIGN_STYLE = Automatic;
				DEVELOPMENT_TEAM = Z55C678GT4;
				INFOPLIST_FILE = "ticket-master-appTests/Info.plist";
				IPHONEOS_DEPLOYMENT_TARGET = 13.2;
				LD_RUNPATH_SEARCH_PATHS = (
					"$(inherited)",
					"@executable_path/Frameworks",
					"@loader_path/Frameworks",
				);
				PRODUCT_BUNDLE_IDENTIFIER = "com.dhernandez.ticket-master-appTests";
				PRODUCT_NAME = "$(TARGET_NAME)";
				SWIFT_VERSION = 5.0;
				TARGETED_DEVICE_FAMILY = "1,2";
				TEST_HOST = "$(BUILT_PRODUCTS_DIR)/ticket-master-app.app/ticket-master-app";
			};
			name = Debug;
		};
		D77AF73B246DAC400068F34A /* Release */ = {
			isa = XCBuildConfiguration;
			baseConfigurationReference = 38C3208C68CE1E8096FC5EEC /* Pods-ticket-master-appTests.release.xcconfig */;
			buildSettings = {
				ALWAYS_EMBED_SWIFT_STANDARD_LIBRARIES = YES;
				BUNDLE_LOADER = "$(TEST_HOST)";
				CODE_SIGN_STYLE = Automatic;
				DEVELOPMENT_TEAM = Z55C678GT4;
				INFOPLIST_FILE = "ticket-master-appTests/Info.plist";
				IPHONEOS_DEPLOYMENT_TARGET = 13.2;
				LD_RUNPATH_SEARCH_PATHS = (
					"$(inherited)",
					"@executable_path/Frameworks",
					"@loader_path/Frameworks",
				);
				PRODUCT_BUNDLE_IDENTIFIER = "com.dhernandez.ticket-master-appTests";
				PRODUCT_NAME = "$(TARGET_NAME)";
				SWIFT_VERSION = 5.0;
				TARGETED_DEVICE_FAMILY = "1,2";
				TEST_HOST = "$(BUILT_PRODUCTS_DIR)/ticket-master-app.app/ticket-master-app";
			};
			name = Release;
		};
/* End XCBuildConfiguration section */

/* Begin XCConfigurationList section */
		D77AF712246DAC3F0068F34A /* Build configuration list for PBXProject "ticket-master-app" */ = {
			isa = XCConfigurationList;
			buildConfigurations = (
				D77AF734246DAC400068F34A /* Debug */,
				D77AF735246DAC400068F34A /* Release */,
			);
			defaultConfigurationIsVisible = 0;
			defaultConfigurationName = Release;
		};
		D77AF736246DAC400068F34A /* Build configuration list for PBXNativeTarget "ticket-master-app" */ = {
			isa = XCConfigurationList;
			buildConfigurations = (
				D77AF737246DAC400068F34A /* Debug */,
				D77AF738246DAC400068F34A /* Release */,
			);
			defaultConfigurationIsVisible = 0;
			defaultConfigurationName = Release;
		};
		D77AF739246DAC400068F34A /* Build configuration list for PBXNativeTarget "ticket-master-appTests" */ = {
			isa = XCConfigurationList;
			buildConfigurations = (
				D77AF73A246DAC400068F34A /* Debug */,
				D77AF73B246DAC400068F34A /* Release */,
			);
			defaultConfigurationIsVisible = 0;
			defaultConfigurationName = Release;
		};
/* End XCConfigurationList section */
	};
	rootObject = D77AF70F246DAC3F0068F34A /* Project object */;
}
